
Microsoft Visual Studio Solution File, Format Version 12.00
# Visual Studio Version 17
VisualStudioVersion = 17.10.35013.160
MinimumVisualStudioVersion = 10.0.40219.1
Project("{FAE04EC0-301F-11D3-BF4B-00C04F79EFBC}") = "LINQ01", "LINQ01\LINQ01.csproj", "{40B968C2-8CA2-4BA8-AB2B-70B8D3F401EA}"
EndProject
Global
	GlobalSection(SolutionConfigurationPlatforms) = preSolution
		Debug|Any CPU = Debug|Any CPU
		Release|Any CPU = Release|Any CPU
	EndGlobalSection
	GlobalSection(ProjectConfigurationPlatforms) = postSolution
		{40B968C2-8CA2-4BA8-AB2B-70B8D3F401EA}.Debug|Any CPU.ActiveCfg = Debug|Any CPU
		{40B968C2-8CA2-4BA8-AB2B-70B8D3F401EA}.Debug|Any CPU.Build.0 = Debug|Any CPU
		{40B968C2-8CA2-4BA8-AB2B-70B8D3F401EA}.Release|Any CPU.ActiveCfg = Release|Any CPU
		{40B968C2-8CA2-4BA8-AB2B-70B8D3F401EA}.Release|Any CPU.Build.0 = Release|Any CPU
	EndGlobalSection
	GlobalSection(SolutionProperties) = preSolution
		HideSolutionNode = FALSE
	EndGlobalSection
	GlobalSection(ExtensibilityGlobals) = postSolution
		SolutionGuid = {92ED07FD-94CA-4283-8FDE-1D58B09983EC}
	EndGlobalSection
EndGlobal
